
Microsoft Visual Studio Solution File, Format Version 12.00
# Visual Studio Version 17
VisualStudioVersion = 17.7.34031.279
MinimumVisualStudioVersion = 10.0.40219.1
Project("{FAE04EC0-301F-11D3-BF4B-00C04F79EFBC}") = "ОПІ_ЛР2_Omel", "ОПІ_ЛР2_Omel\ОПІ_ЛР2_Omel.csproj", "{B452B6BA-1E74-4664-9C70-86A428B9243A}"
EndProject
Global
	GlobalSection(SolutionConfigurationPlatforms) = preSolution
		Debug|Any CPU = Debug|Any CPU
		Release|Any CPU = Release|Any CPU
	EndGlobalSection
	GlobalSection(ProjectConfigurationPlatforms) = postSolution
		{B452B6BA-1E74-4664-9C70-86A428B9243A}.Debug|Any CPU.ActiveCfg = Debug|Any CPU
		{B452B6BA-1E74-4664-9C70-86A428B9243A}.Debug|Any CPU.Build.0 = Debug|Any CPU
		{B452B6BA-1E74-4664-9C70-86A428B9243A}.Release|Any CPU.ActiveCfg = Release|Any CPU
		{B452B6BA-1E74-4664-9C70-86A428B9243A}.Release|Any CPU.Build.0 = Release|Any CPU
	EndGlobalSection
	GlobalSection(SolutionProperties) = preSolution
		HideSolutionNode = FALSE
	EndGlobalSection
	GlobalSection(ExtensibilityGlobals) = postSolution
		SolutionGuid = {15DADD52-0E0B-4ECE-B717-B81BDF0F3A2E}
	EndGlobalSection
EndGlobal
